{
  "nodes": {
    "arion": {
      "inputs": {
        "flake-parts": "flake-parts",
        "haskell-flake": "haskell-flake",
        "nixpkgs": "nixpkgs"
      },
      "locked": {
        "lastModified": 1733918465,
        "narHash": "sha256-hSuGa8Hh67EHr2x812Ay6WFyFT2BGKn+zk+FJWeKXPg=",
        "owner": "hercules-ci",
        "repo": "arion",
        "rev": "f01c95c10f9d4f04bb08d97b3233b530b180f12e",
        "type": "github"
      },
      "original": {
        "owner": "hercules-ci",
        "ref": "main",
        "repo": "arion",
        "type": "github"
      }
    },
    "blobs": {
      "flake": false,
      "locked": {
        "lastModified": 1604995301,
        "narHash": "sha256-wcLzgLec6SGJA8fx1OEN1yV/Py5b+U5iyYpksUY/yLw=",
        "owner": "simple-nixos-mailserver",
        "repo": "blobs",
        "rev": "2cccdf1ca48316f2cfd1c9a0017e8de5a7156265",
        "type": "gitlab"
      },
      "original": {
        "owner": "simple-nixos-mailserver",
        "repo": "blobs",
        "type": "gitlab"
      }
    },
    "flake-compat": {
      "flake": false,
      "locked": {
        "lastModified": 1696426674,
        "narHash": "sha256-kvjfFW7WAETZlt09AgDn1MrtKzP7t90Vf7vypd3OL1U=",
        "owner": "edolstra",
        "repo": "flake-compat",
        "rev": "0f9255e01c2351cc7d116c072cb317785dd33b33",
        "type": "github"
      },
      "original": {
        "owner": "edolstra",
        "repo": "flake-compat",
        "type": "github"
      }
    },
    "flake-parts": {
      "inputs": {
        "nixpkgs-lib": [
          "arion",
          "nixpkgs"
        ]
      },
      "locked": {
        "lastModified": 1733312601,
        "narHash": "sha256-4pDvzqnegAfRkPwO3wmwBhVi/Sye1mzps0zHWYnP88c=",
        "owner": "hercules-ci",
        "repo": "flake-parts",
        "rev": "205b12d8b7cd4802fbcb8e8ef6a0f1408781a4f9",
        "type": "github"
      },
      "original": {
        "owner": "hercules-ci",
        "repo": "flake-parts",
        "type": "github"
      }
    },
    "haskell-flake": {
      "locked": {
        "lastModified": 1675296942,
        "narHash": "sha256-u1X1sblozi5qYEcLp1hxcyo8FfDHnRUVX3dJ/tW19jY=",
        "owner": "srid",
        "repo": "haskell-flake",
        "rev": "c2cafce9d57bfca41794dc3b99c593155006c71e",
        "type": "github"
      },
      "original": {
        "owner": "srid",
        "ref": "0.1.0",
        "repo": "haskell-flake",
        "type": "github"
      }
    },
    "nixpkgs": {
      "locked": {
        "lastModified": 1733212471,
        "narHash": "sha256-M1+uCoV5igihRfcUKrr1riygbe73/dzNnzPsmaLCmpo=",
        "owner": "NixOS",
        "repo": "nixpkgs",
        "rev": "55d15ad12a74eb7d4646254e13638ad0c4128776",
        "type": "github"
      },
      "original": {
        "owner": "NixOS",
        "ref": "nixos-unstable",
        "repo": "nixpkgs",
        "type": "github"
      }
    },
    "nixpkgs-24_11": {
      "locked": {
        "lastModified": 1734083684,
        "narHash": "sha256-5fNndbndxSx5d+C/D0p/VF32xDiJCJzyOqorOYW4JEo=",
        "owner": "NixOS",
        "repo": "nixpkgs",
        "rev": "314e12ba369ccdb9b352a4db26ff419f7c49fa84",
        "type": "github"
      },
      "original": {
        "id": "nixpkgs",
        "ref": "nixos-24.11",
        "type": "indirect"
      }
    },
    "nixpkgs_2": {
      "locked": {
        "lastModified": 1739758141,
        "narHash": "sha256-uq6A2L7o1/tR6VfmYhZWoVAwb3gTy7j4Jx30MIrH0rE=",
        "owner": "NixOS",
        "repo": "nixpkgs",
        "rev": "c618e28f70257593de75a7044438efc1c1fc0791",
        "type": "github"
      },
      "original": {
        "owner": "NixOS",
        "ref": "nixos-24.11",
        "repo": "nixpkgs",
        "type": "github"
      }
    },
    "nixpkgs_3": {
      "locked": {
        "lastModified": 1732014248,
        "narHash": "sha256-y/MEyuJ5oBWrWAic/14LaIr/u5E0wRVzyYsouYY3W6w=",
        "owner": "NixOS",
        "repo": "nixpkgs",
        "rev": "23e89b7da85c3640bbc2173fe04f4bd114342367",
        "type": "github"
      },
      "original": {
        "id": "nixpkgs",
        "ref": "nixos-unstable",
        "type": "indirect"
      }
    },
    "root": {
      "inputs": {
        "arion": "arion",
        "nixpkgs": "nixpkgs_2",
        "simple-nixos-mailserver": "simple-nixos-mailserver"
      }
    },
    "simple-nixos-mailserver": {
      "inputs": {
        "blobs": "blobs",
        "flake-compat": "flake-compat",
        "nixpkgs": "nixpkgs_3",
        "nixpkgs-24_11": "nixpkgs-24_11"
      },
      "locked": {
        "lastModified": 1734884447,
        "narHash": "sha256-HA9fAmGNGf0cOYrhgoa+B6BxNVqGAYXfLyx8zIS0ZBY=",
        "owner": "simple-nixos-mailserver",
        "repo": "nixos-mailserver",
        "rev": "63209b1def2c9fc891ad271f474a3464a5833294",
        "type": "gitlab"
      },
      "original": {
        "owner": "simple-nixos-mailserver",
        "ref": "nixos-24.11",
        "repo": "nixos-mailserver",
        "type": "gitlab"
      }
    }
  },
  "root": "root",
  "version": 7
}
